
Microsoft Visual Studio Solution File, Format Version 12.00
# Visual Studio Version 16
VisualStudioVersion = 16.0.29411.108
MinimumVisualStudioVersion = 10.0.40219.1
Project("{FAE04EC0-301F-11D3-BF4B-00C04F79EFBC}") = "ReversePolishCalculatorImplementation", "ReversePolishCalculatorImplementation.csproj", "{6B953F95-256E-4B0B-827E-0332CE069D41}"
EndProject
Global
	GlobalSection(SolutionConfigurationPlatforms) = preSolution
		Debug|Any CPU = Debug|Any CPU
		Release|Any CPU = Release|Any CPU
	EndGlobalSection
	GlobalSection(ProjectConfigurationPlatforms) = postSolution
		{6B953F95-256E-4B0B-827E-0332CE069D41}.Debug|Any CPU.ActiveCfg = Debug|Any CPU
		{6B953F95-256E-4B0B-827E-0332CE069D41}.Debug|Any CPU.Build.0 = Debug|Any CPU
		{6B953F95-256E-4B0B-827E-0332CE069D41}.Release|Any CPU.ActiveCfg = Release|Any CPU
		{6B953F95-256E-4B0B-827E-0332CE069D41}.Release|Any CPU.Build.0 = Release|Any CPU
	EndGlobalSection
	GlobalSection(SolutionProperties) = preSolution
		HideSolutionNode = FALSE
	EndGlobalSection
	GlobalSection(ExtensibilityGlobals) = postSolution
		SolutionGuid = {4DC52C4D-51CC-408C-944C-673A691CBB1C}
	EndGlobalSection
EndGlobal
