
Microsoft Visual Studio Solution File, Format Version 12.00
# Visual Studio Version 16
VisualStudioVersion = 16.0.29411.108
MinimumVisualStudioVersion = 10.0.40219.1
Project("{FAE04EC0-301F-11D3-BF4B-00C04F79EFBC}") = "Problem1", "Problem1.csproj", "{C968FA9E-DE10-4BA0-8E47-7201120F8A02}"
EndProject
Global
	GlobalSection(SolutionConfigurationPlatforms) = preSolution
		Debug|Any CPU = Debug|Any CPU
		Release|Any CPU = Release|Any CPU
	EndGlobalSection
	GlobalSection(ProjectConfigurationPlatforms) = postSolution
		{C968FA9E-DE10-4BA0-8E47-7201120F8A02}.Debug|Any CPU.ActiveCfg = Debug|Any CPU
		{C968FA9E-DE10-4BA0-8E47-7201120F8A02}.Debug|Any CPU.Build.0 = Debug|Any CPU
		{C968FA9E-DE10-4BA0-8E47-7201120F8A02}.Release|Any CPU.ActiveCfg = Release|Any CPU
		{C968FA9E-DE10-4BA0-8E47-7201120F8A02}.Release|Any CPU.Build.0 = Release|Any CPU
	EndGlobalSection
	GlobalSection(SolutionProperties) = preSolution
		HideSolutionNode = FALSE
	EndGlobalSection
	GlobalSection(ExtensibilityGlobals) = postSolution
		SolutionGuid = {1240B53D-6A4B-4AC0-91B6-1B3EB5490845}
	EndGlobalSection
EndGlobal
