
Microsoft Visual Studio Solution File, Format Version 12.00
# Visual Studio Version 16
VisualStudioVersion = 16.0.29411.108
MinimumVisualStudioVersion = 10.0.40219.1
Project("{FAE04EC0-301F-11D3-BF4B-00C04F79EFBC}") = "Problem1", "Problem1.csproj", "{D888E4B1-F7B3-4BF2-82CD-9442D74A8D40}"
EndProject
Global
	GlobalSection(SolutionConfigurationPlatforms) = preSolution
		Debug|Any CPU = Debug|Any CPU
		Release|Any CPU = Release|Any CPU
	EndGlobalSection
	GlobalSection(ProjectConfigurationPlatforms) = postSolution
		{D888E4B1-F7B3-4BF2-82CD-9442D74A8D40}.Debug|Any CPU.ActiveCfg = Debug|Any CPU
		{D888E4B1-F7B3-4BF2-82CD-9442D74A8D40}.Debug|Any CPU.Build.0 = Debug|Any CPU
		{D888E4B1-F7B3-4BF2-82CD-9442D74A8D40}.Release|Any CPU.ActiveCfg = Release|Any CPU
		{D888E4B1-F7B3-4BF2-82CD-9442D74A8D40}.Release|Any CPU.Build.0 = Release|Any CPU
	EndGlobalSection
	GlobalSection(SolutionProperties) = preSolution
		HideSolutionNode = FALSE
	EndGlobalSection
	GlobalSection(ExtensibilityGlobals) = postSolution
		SolutionGuid = {D54B9858-2006-42B9-8B5C-38379F480557}
	EndGlobalSection
EndGlobal
