
Microsoft Visual Studio Solution File, Format Version 12.00
# Visual Studio Version 16
VisualStudioVersion = 16.0.29411.108
MinimumVisualStudioVersion = 10.0.40219.1
Project("{9A19103F-16F7-4668-BE54-9A1E7A4F7556}") = "methods_in_details_problem2", "..\..\..\module_1_methods_in_details\methods_in_details_problem2\methods_in_details_problem2\methods_in_details_problem2.csproj", "{ED652921-AD8B-499D-82AE-291D19802925}"
EndProject
Global
	GlobalSection(SolutionConfigurationPlatforms) = preSolution
		Debug|Any CPU = Debug|Any CPU
		Release|Any CPU = Release|Any CPU
	EndGlobalSection
	GlobalSection(ProjectConfigurationPlatforms) = postSolution
		{ED652921-AD8B-499D-82AE-291D19802925}.Debug|Any CPU.ActiveCfg = Debug|Any CPU
		{ED652921-AD8B-499D-82AE-291D19802925}.Debug|Any CPU.Build.0 = Debug|Any CPU
		{ED652921-AD8B-499D-82AE-291D19802925}.Release|Any CPU.ActiveCfg = Release|Any CPU
		{ED652921-AD8B-499D-82AE-291D19802925}.Release|Any CPU.Build.0 = Release|Any CPU
	EndGlobalSection
	GlobalSection(SolutionProperties) = preSolution
		HideSolutionNode = FALSE
	EndGlobalSection
	GlobalSection(ExtensibilityGlobals) = postSolution
		SolutionGuid = {DE0AB724-1063-4A26-B385-86E506381B06}
	EndGlobalSection
EndGlobal
