
Microsoft Visual Studio Solution File, Format Version 12.00
# Visual Studio Version 16
VisualStudioVersion = 16.0.29411.108
MinimumVisualStudioVersion = 10.0.40219.1
Project("{FAE04EC0-301F-11D3-BF4B-00C04F79EFBC}") = "Problem6", "Problem6\Problem6.csproj", "{9A0A9920-181A-4257-B25F-DF2597DCAEE0}"
EndProject
Global
	GlobalSection(SolutionConfigurationPlatforms) = preSolution
		Debug|Any CPU = Debug|Any CPU
		Release|Any CPU = Release|Any CPU
	EndGlobalSection
	GlobalSection(ProjectConfigurationPlatforms) = postSolution
		{9A0A9920-181A-4257-B25F-DF2597DCAEE0}.Debug|Any CPU.ActiveCfg = Debug|Any CPU
		{9A0A9920-181A-4257-B25F-DF2597DCAEE0}.Debug|Any CPU.Build.0 = Debug|Any CPU
		{9A0A9920-181A-4257-B25F-DF2597DCAEE0}.Release|Any CPU.ActiveCfg = Release|Any CPU
		{9A0A9920-181A-4257-B25F-DF2597DCAEE0}.Release|Any CPU.Build.0 = Release|Any CPU
	EndGlobalSection
	GlobalSection(SolutionProperties) = preSolution
		HideSolutionNode = FALSE
	EndGlobalSection
	GlobalSection(ExtensibilityGlobals) = postSolution
		SolutionGuid = {9AA8BAA4-CA19-42F5-AB6F-FEC27B8A1298}
	EndGlobalSection
EndGlobal
