
Microsoft Visual Studio Solution File, Format Version 12.00
# Visual Studio Version 16
VisualStudioVersion = 16.0.29403.142
MinimumVisualStudioVersion = 10.0.40219.1
Project("{9A19103F-16F7-4668-BE54-9A1E7A4F7556}") = "creating_types_problem2", "creating_types_problem2\creating_types_problem2.csproj", "{B9063B1B-352F-4467-99D5-CEA3E22935B5}"
EndProject
Project("{FAE04EC0-301F-11D3-BF4B-00C04F79EFBC}") = "BasicsOfOOPProblem1TestProject", "BasicsOfOOPProblem1TestProject\BasicsOfOOPProblem1TestProject.csproj", "{3505A3FD-1D11-407C-952C-0D047FA023CA}"
EndProject
Global
	GlobalSection(SolutionConfigurationPlatforms) = preSolution
		Debug|Any CPU = Debug|Any CPU
		Release|Any CPU = Release|Any CPU
	EndGlobalSection
	GlobalSection(ProjectConfigurationPlatforms) = postSolution
		{B9063B1B-352F-4467-99D5-CEA3E22935B5}.Debug|Any CPU.ActiveCfg = Debug|Any CPU
		{B9063B1B-352F-4467-99D5-CEA3E22935B5}.Debug|Any CPU.Build.0 = Debug|Any CPU
		{B9063B1B-352F-4467-99D5-CEA3E22935B5}.Release|Any CPU.ActiveCfg = Release|Any CPU
		{B9063B1B-352F-4467-99D5-CEA3E22935B5}.Release|Any CPU.Build.0 = Release|Any CPU
		{3505A3FD-1D11-407C-952C-0D047FA023CA}.Debug|Any CPU.ActiveCfg = Debug|Any CPU
		{3505A3FD-1D11-407C-952C-0D047FA023CA}.Debug|Any CPU.Build.0 = Debug|Any CPU
		{3505A3FD-1D11-407C-952C-0D047FA023CA}.Release|Any CPU.ActiveCfg = Release|Any CPU
		{3505A3FD-1D11-407C-952C-0D047FA023CA}.Release|Any CPU.Build.0 = Release|Any CPU
	EndGlobalSection
	GlobalSection(SolutionProperties) = preSolution
		HideSolutionNode = FALSE
	EndGlobalSection
	GlobalSection(ExtensibilityGlobals) = postSolution
		SolutionGuid = {06D4E3C3-2D60-409F-A9B3-873A0E325C2F}
	EndGlobalSection
EndGlobal
