
Microsoft Visual Studio Solution File, Format Version 12.00
# Visual Studio Version 16
VisualStudioVersion = 16.0.29411.108
MinimumVisualStudioVersion = 10.0.40219.1
Project("{FAE04EC0-301F-11D3-BF4B-00C04F79EFBC}") = "OODesignPrinciplesProblem1", "OODesignPrinciplesProblem1\OODesignPrinciplesProblem1.csproj", "{C7AF19E9-6F39-4617-9463-26BDAEF86C7E}"
EndProject
Global
	GlobalSection(SolutionConfigurationPlatforms) = preSolution
		Debug|Any CPU = Debug|Any CPU
		Release|Any CPU = Release|Any CPU
	EndGlobalSection
	GlobalSection(ProjectConfigurationPlatforms) = postSolution
		{C7AF19E9-6F39-4617-9463-26BDAEF86C7E}.Debug|Any CPU.ActiveCfg = Debug|Any CPU
		{C7AF19E9-6F39-4617-9463-26BDAEF86C7E}.Debug|Any CPU.Build.0 = Debug|Any CPU
		{C7AF19E9-6F39-4617-9463-26BDAEF86C7E}.Release|Any CPU.ActiveCfg = Release|Any CPU
		{C7AF19E9-6F39-4617-9463-26BDAEF86C7E}.Release|Any CPU.Build.0 = Release|Any CPU
	EndGlobalSection
	GlobalSection(SolutionProperties) = preSolution
		HideSolutionNode = FALSE
	EndGlobalSection
	GlobalSection(ExtensibilityGlobals) = postSolution
		SolutionGuid = {5C337F2B-54C2-4566-A9E5-A35A401D78FF}
	EndGlobalSection
EndGlobal
