
Microsoft Visual Studio Solution File, Format Version 12.00
# Visual Studio Version 16
VisualStudioVersion = 16.0.29403.142
MinimumVisualStudioVersion = 10.0.40219.1
Project("{FAE04EC0-301F-11D3-BF4B-00C04F79EFBC}") = "methods_in_details_problem2", "methods_in_details_problem2\methods_in_details_problem2.csproj", "{1EEB9675-A1EE-4F15-A64B-3B5FC788A61B}"
EndProject
Global
	GlobalSection(SolutionConfigurationPlatforms) = preSolution
		Debug|Any CPU = Debug|Any CPU
		Release|Any CPU = Release|Any CPU
	EndGlobalSection
	GlobalSection(ProjectConfigurationPlatforms) = postSolution
		{1EEB9675-A1EE-4F15-A64B-3B5FC788A61B}.Debug|Any CPU.ActiveCfg = Debug|Any CPU
		{1EEB9675-A1EE-4F15-A64B-3B5FC788A61B}.Debug|Any CPU.Build.0 = Debug|Any CPU
		{1EEB9675-A1EE-4F15-A64B-3B5FC788A61B}.Release|Any CPU.ActiveCfg = Release|Any CPU
		{1EEB9675-A1EE-4F15-A64B-3B5FC788A61B}.Release|Any CPU.Build.0 = Release|Any CPU
	EndGlobalSection
	GlobalSection(SolutionProperties) = preSolution
		HideSolutionNode = FALSE
	EndGlobalSection
	GlobalSection(ExtensibilityGlobals) = postSolution
		SolutionGuid = {29780A13-6C94-4715-9DBA-2561DB256F9B}
	EndGlobalSection
EndGlobal
