
Microsoft Visual Studio Solution File, Format Version 12.00
# Visual Studio Version 16
VisualStudioVersion = 16.0.29411.108
MinimumVisualStudioVersion = 10.0.40219.1
Project("{FAE04EC0-301F-11D3-BF4B-00C04F79EFBC}") = "Problem3", "Problem3\Problem3.csproj", "{23BB2706-7133-4E67-A79B-6B7D9FD00094}"
EndProject
Global
	GlobalSection(SolutionConfigurationPlatforms) = preSolution
		Debug|Any CPU = Debug|Any CPU
		Release|Any CPU = Release|Any CPU
	EndGlobalSection
	GlobalSection(ProjectConfigurationPlatforms) = postSolution
		{23BB2706-7133-4E67-A79B-6B7D9FD00094}.Debug|Any CPU.ActiveCfg = Debug|Any CPU
		{23BB2706-7133-4E67-A79B-6B7D9FD00094}.Debug|Any CPU.Build.0 = Debug|Any CPU
		{23BB2706-7133-4E67-A79B-6B7D9FD00094}.Release|Any CPU.ActiveCfg = Release|Any CPU
		{23BB2706-7133-4E67-A79B-6B7D9FD00094}.Release|Any CPU.Build.0 = Release|Any CPU
	EndGlobalSection
	GlobalSection(SolutionProperties) = preSolution
		HideSolutionNode = FALSE
	EndGlobalSection
	GlobalSection(ExtensibilityGlobals) = postSolution
		SolutionGuid = {F6F4A1CC-C5D5-4B94-8F30-04FD487557A6}
	EndGlobalSection
EndGlobal
