
Microsoft Visual Studio Solution File, Format Version 12.00
# Visual Studio Version 16
VisualStudioVersion = 16.0.29411.108
MinimumVisualStudioVersion = 10.0.40219.1
Project("{FAE04EC0-301F-11D3-BF4B-00C04F79EFBC}") = "Problem1", "Problem1\Problem1.csproj", "{B36083FE-5064-4CBE-98CF-B6920B5E00ED}"
EndProject
Global
	GlobalSection(SolutionConfigurationPlatforms) = preSolution
		Debug|Any CPU = Debug|Any CPU
		Release|Any CPU = Release|Any CPU
	EndGlobalSection
	GlobalSection(ProjectConfigurationPlatforms) = postSolution
		{B36083FE-5064-4CBE-98CF-B6920B5E00ED}.Debug|Any CPU.ActiveCfg = Debug|Any CPU
		{B36083FE-5064-4CBE-98CF-B6920B5E00ED}.Debug|Any CPU.Build.0 = Debug|Any CPU
		{B36083FE-5064-4CBE-98CF-B6920B5E00ED}.Release|Any CPU.ActiveCfg = Release|Any CPU
		{B36083FE-5064-4CBE-98CF-B6920B5E00ED}.Release|Any CPU.Build.0 = Release|Any CPU
	EndGlobalSection
	GlobalSection(SolutionProperties) = preSolution
		HideSolutionNode = FALSE
	EndGlobalSection
	GlobalSection(ExtensibilityGlobals) = postSolution
		SolutionGuid = {2AC71DD3-822E-4023-9DC8-92133C98DCDB}
	EndGlobalSection
EndGlobal
