
Microsoft Visual Studio Solution File, Format Version 12.00
# Visual Studio Version 16
VisualStudioVersion = 16.0.29411.108
MinimumVisualStudioVersion = 10.0.40219.1
Project("{9A19103F-16F7-4668-BE54-9A1E7A4F7556}") = "WebApp2", "WebApp2.csproj", "{17F45C85-437E-4D57-85B9-1E471AD63775}"
EndProject
Global
	GlobalSection(SolutionConfigurationPlatforms) = preSolution
		Debug|Any CPU = Debug|Any CPU
		Release|Any CPU = Release|Any CPU
	EndGlobalSection
	GlobalSection(ProjectConfigurationPlatforms) = postSolution
		{17F45C85-437E-4D57-85B9-1E471AD63775}.Debug|Any CPU.ActiveCfg = Debug|Any CPU
		{17F45C85-437E-4D57-85B9-1E471AD63775}.Debug|Any CPU.Build.0 = Debug|Any CPU
		{17F45C85-437E-4D57-85B9-1E471AD63775}.Release|Any CPU.ActiveCfg = Release|Any CPU
		{17F45C85-437E-4D57-85B9-1E471AD63775}.Release|Any CPU.Build.0 = Release|Any CPU
	EndGlobalSection
	GlobalSection(SolutionProperties) = preSolution
		HideSolutionNode = FALSE
	EndGlobalSection
	GlobalSection(ExtensibilityGlobals) = postSolution
		SolutionGuid = {F343C135-8D81-4B50-B4A5-BB84C00D73A3}
	EndGlobalSection
EndGlobal
