
Microsoft Visual Studio Solution File, Format Version 12.00
# Visual Studio Version 16
VisualStudioVersion = 16.0.29411.108
MinimumVisualStudioVersion = 10.0.40219.1
Project("{FAE04EC0-301F-11D3-BF4B-00C04F79EFBC}") = "OnlineShopApp", "OnlineShopApp.csproj", "{D40B4DBA-8B20-49C0-86B3-752E03A7143A}"
EndProject
Global
	GlobalSection(SolutionConfigurationPlatforms) = preSolution
		Debug|Any CPU = Debug|Any CPU
		Release|Any CPU = Release|Any CPU
	EndGlobalSection
	GlobalSection(ProjectConfigurationPlatforms) = postSolution
		{D40B4DBA-8B20-49C0-86B3-752E03A7143A}.Debug|Any CPU.ActiveCfg = Debug|Any CPU
		{D40B4DBA-8B20-49C0-86B3-752E03A7143A}.Debug|Any CPU.Build.0 = Debug|Any CPU
		{D40B4DBA-8B20-49C0-86B3-752E03A7143A}.Release|Any CPU.ActiveCfg = Release|Any CPU
		{D40B4DBA-8B20-49C0-86B3-752E03A7143A}.Release|Any CPU.Build.0 = Release|Any CPU
	EndGlobalSection
	GlobalSection(SolutionProperties) = preSolution
		HideSolutionNode = FALSE
	EndGlobalSection
	GlobalSection(ExtensibilityGlobals) = postSolution
		SolutionGuid = {F866ED0F-B96E-47FA-8771-AC8A147A4A8F}
	EndGlobalSection
EndGlobal
